
Microsoft Visual Studio Solution File, Format Version 12.00
# Visual Studio Version 16
VisualStudioVersion = 16.0.33027.164
MinimumVisualStudioVersion = 10.0.40219.1
Project("{FAE04EC0-301F-11D3-BF4B-00C04F79EFBC}") = "newlogin", "newlogin\newlogin.csproj", "{94200C4A-D568-4400-8918-98E3607E3E28}"
EndProject
Global
	GlobalSection(SolutionConfigurationPlatforms) = preSolution
		Debug|Any CPU = Debug|Any CPU
		Release|Any CPU = Release|Any CPU
	EndGlobalSection
	GlobalSection(ProjectConfigurationPlatforms) = postSolution
		{94200C4A-D568-4400-8918-98E3607E3E28}.Debug|Any CPU.ActiveCfg = Debug|Any CPU
		{94200C4A-D568-4400-8918-98E3607E3E28}.Debug|Any CPU.Build.0 = Debug|Any CPU
		{94200C4A-D568-4400-8918-98E3607E3E28}.Release|Any CPU.ActiveCfg = Release|Any CPU
		{94200C4A-D568-4400-8918-98E3607E3E28}.Release|Any CPU.Build.0 = Release|Any CPU
	EndGlobalSection
	GlobalSection(SolutionProperties) = preSolution
		HideSolutionNode = FALSE
	EndGlobalSection
	GlobalSection(ExtensibilityGlobals) = postSolution
		SolutionGuid = {40145944-9494-40FA-BAEC-AC0E5966E305}
	EndGlobalSection
EndGlobal
